
Microsoft Visual Studio Solution File, Format Version 12.00
# Visual Studio Version 17
VisualStudioVersion = 17.14.36221.1 d17.14
MinimumVisualStudioVersion = 10.0.40219.1
Project("{FAE04EC0-301F-11D3-BF4B-00C04F79EFBC}") = "Duel_wizart#3", "Duel_wizart#3\Duel_wizart#3.csproj", "{46CAECAF-9873-400C-A258-AE6AE7ACCA8B}"
EndProject
Global
	GlobalSection(SolutionConfigurationPlatforms) = preSolution
		Debug|Any CPU = Debug|Any CPU
		Release|Any CPU = Release|Any CPU
	EndGlobalSection
	GlobalSection(ProjectConfigurationPlatforms) = postSolution
		{46CAECAF-9873-400C-A258-AE6AE7ACCA8B}.Debug|Any CPU.ActiveCfg = Debug|Any CPU
		{46CAECAF-9873-400C-A258-AE6AE7ACCA8B}.Debug|Any CPU.Build.0 = Debug|Any CPU
		{46CAECAF-9873-400C-A258-AE6AE7ACCA8B}.Release|Any CPU.ActiveCfg = Release|Any CPU
		{46CAECAF-9873-400C-A258-AE6AE7ACCA8B}.Release|Any CPU.Build.0 = Release|Any CPU
	EndGlobalSection
	GlobalSection(SolutionProperties) = preSolution
		HideSolutionNode = FALSE
	EndGlobalSection
	GlobalSection(ExtensibilityGlobals) = postSolution
		SolutionGuid = {B32199D7-7BDF-4978-992A-0FADC7B9DDB1}
	EndGlobalSection
EndGlobal
